
Microsoft Visual Studio Solution File, Format Version 12.00
# Visual Studio Version 17
VisualStudioVersion = 17.10.35013.160
MinimumVisualStudioVersion = 10.0.40219.1
Project("{FAE04EC0-301F-11D3-BF4B-00C04F79EFBC}") = "Note Taking APP", "Note Taking APP\Note Taking APP.csproj", "{D6FF308D-841D-406B-8A52-EFE10BF32667}"
EndProject
Global
	GlobalSection(SolutionConfigurationPlatforms) = preSolution
		Debug|Any CPU = Debug|Any CPU
		Release|Any CPU = Release|Any CPU
	EndGlobalSection
	GlobalSection(ProjectConfigurationPlatforms) = postSolution
		{D6FF308D-841D-406B-8A52-EFE10BF32667}.Debug|Any CPU.ActiveCfg = Debug|Any CPU
		{D6FF308D-841D-406B-8A52-EFE10BF32667}.Debug|Any CPU.Build.0 = Debug|Any CPU
		{D6FF308D-841D-406B-8A52-EFE10BF32667}.Release|Any CPU.ActiveCfg = Release|Any CPU
		{D6FF308D-841D-406B-8A52-EFE10BF32667}.Release|Any CPU.Build.0 = Release|Any CPU
	EndGlobalSection
	GlobalSection(SolutionProperties) = preSolution
		HideSolutionNode = FALSE
	EndGlobalSection
	GlobalSection(ExtensibilityGlobals) = postSolution
		SolutionGuid = {51AAEC7F-4EC9-43A1-85D2-32313E1BDA14}
	EndGlobalSection
EndGlobal
